{
  "version": 4,
  "terraform_version": "1.8.5",
  "serial": 4,
  "lineage": "7f41a115-6876-cf8b-5196-b5b5048623c9",
  "outputs": {
    "codeserver_ip": {
      "value": "157.230.47.216",
      "type": "string"
    }
  },
  "resources": [
    {
      "mode": "data",
      "type": "digitalocean_ssh_key",
      "name": "www-1",
      "provider": "provider[\"registry.terraform.io/digitalocean/digitalocean\"]",
      "instances": [
        {
          "schema_version": 0,
          "attributes": {
            "fingerprint": "d8:76:23:dc:00:5f:15:df:5b:43:86:a4:3d:0f:fb:ed",
            "id": 42534921,
            "name": "www-1",
            "public_key": "ssh-rsa AAAAB3NzaC1yc2EAAAADAQABAAABgQCznRDQUrC5C68TlXJiNNftFZpzmhMOoYXxJXHeknZN6aiMx026jQlq1F0PE7nQKva0U+WZw58tUaERFCL+vdruHgATZ+OVbzSleSnwTYQYTVBa9YsuMvh7JkXhckggiH5VBPX6fz2s+s9tzrgcu0IbzT1Uv8t+KshNbs3EJYPmfgiixAzzOXGlVRbmyfIJM/UGJN7cL6WAOjtJ+EIhXn9qp/lwFbojESoMSs9j9hl6DS2PJEJ0KCbi3ndej5a2P67U79+3L6kaACH0V4RBwkLbHlRO1KtB9dSS1SRzEwIl8s5IVVF26FEJ2OiW5QYdykog1nbf2LkbK7ouV6D4GcGQe1Pyk6wiaQUDy21OrwwvduK3bqAFi0kJNvoOfGGWVR7nWaIP4TdFDtqMZ+yS4zEbI8ypI6tjWNCLhMj9YsbGXptK4y7WzJmV6WIdqUsrjISxSTcfB0dGq1oWh3QSOccLfIfCEp3QuA0TMU2MXYFDMBKXU9oIPeYU8qTXFyCbyyM= root@web-aipc"
          },
          "sensitive_attributes": []
        }
      ]
    },
    {
      "mode": "managed",
      "type": "digitalocean_droplet",
      "name": "codeserver",
      "provider": "provider[\"registry.terraform.io/digitalocean/digitalocean\"]",
      "instances": [
        {
          "schema_version": 1,
          "attributes": {
            "backups": false,
            "created_at": "2024-06-25T06:42:18Z",
            "disk": 25,
            "droplet_agent": null,
            "graceful_shutdown": false,
            "id": "428144256",
            "image": "ubuntu-20-04-x64",
            "ipv4_address": "157.230.47.216",
            "ipv4_address_private": "10.104.0.4",
            "ipv6": false,
            "ipv6_address": "",
            "locked": false,
            "memory": 1024,
            "monitoring": false,
            "name": "codeserver",
            "price_hourly": 0.00893,
            "price_monthly": 6,
            "private_networking": true,
            "region": "sgp1",
            "resize_disk": true,
            "size": "s-1vcpu-1gb",
            "ssh_keys": [
              "42534921"
            ],
            "status": "active",
            "tags": null,
            "timeouts": null,
            "urn": "do:droplet:428144256",
            "user_data": null,
            "vcpus": 1,
            "volume_ids": [],
            "vpc_uuid": "0e174bfe-cbe9-4449-8811-e1b78746356e"
          },
          "sensitive_attributes": [],
          "private": "eyJlMmJmYjczMC1lY2FhLTExZTYtOGY4OC0zNDM2M2JjN2M0YzAiOnsiY3JlYXRlIjozNjAwMDAwMDAwMDAwLCJkZWxldGUiOjYwMDAwMDAwMDAwLCJ1cGRhdGUiOjM2MDAwMDAwMDAwMDB9LCJzY2hlbWFfdmVyc2lvbiI6IjEifQ==",
          "dependencies": [
            "data.digitalocean_ssh_key.www-1"
          ]
        }
      ]
    },
    {
      "mode": "managed",
      "type": "local_file",
      "name": "inventory",
      "provider": "provider[\"registry.terraform.io/hashicorp/local\"]",
      "instances": [
        {
          "schema_version": 0,
          "attributes": {
            "content": "all: \n    vars:\n        ansible_connection: ssh\n        ansible_user: root\n        ansible_ssh_private_key: ~/.ssh/id_rsa\n    hosts:\n        codeserver:\n            ansible_host: 157.230.47.216\n            codeserver_domain: code-server-157.230.47.216.nip.io\n            codeserver_password: password123456\n",
            "content_base64": null,
            "content_base64sha256": "115V3MKdbkkz0BvXw9c5Nja6ecnLVhfQsDvReh6zu8Q=",
            "content_base64sha512": "oF5GUZSkU7EgaKAueqhZkRYeidj+xhB5YHPORzHYvnLac30+iAQ9PKCW22sC2jZkYVcBhHgPL3uJtg4oJsMVXQ==",
            "content_md5": "5cb338d1c0775ec81edb538ee72925ff",
            "content_sha1": "3b97957febc582197f44b9a3b03dc35a50c0c21c",
            "content_sha256": "d75e55dcc29d6e4933d01bd7c3d7393636ba79c9cb5617d0b03bd17a1eb3bbc4",
            "content_sha512": "a05e465194a453b12068a02e7aa85991161e89d8fec610796073ce4731d8be72da737d3e88043d3ca096db6b02da366461570184780f2f7b89b60e2826c3155d",
            "directory_permission": "0777",
            "file_permission": "0444",
            "filename": "inventory.yaml",
            "id": "3b97957febc582197f44b9a3b03dc35a50c0c21c",
            "sensitive_content": null,
            "source": null
          },
          "sensitive_attributes": [
            [
              {
                "type": "get_attr",
                "value": "sensitive_content"
              }
            ]
          ],
          "dependencies": [
            "data.digitalocean_ssh_key.www-1",
            "digitalocean_droplet.codeserver"
          ]
        }
      ]
    },
    {
      "mode": "managed",
      "type": "local_file",
      "name": "root_at_codeserver",
      "provider": "provider[\"registry.terraform.io/hashicorp/local\"]",
      "instances": [
        {
          "schema_version": 0,
          "attributes": {
            "content": "",
            "content_base64": null,
            "content_base64sha256": "47DEQpj8HBSa+/TImW+5JCeuQeRkm5NMpJWZG3hSuFU=",
            "content_base64sha512": "z4PhNX7vuL3xVChQ1m2AB9Yg5AULVxXcg/SpIdNs6c5H0NE8XYXysP+DGNKHfuwvY7kxvUdBeoGlODJ6+SfaPg==",
            "content_md5": "d41d8cd98f00b204e9800998ecf8427e",
            "content_sha1": "da39a3ee5e6b4b0d3255bfef95601890afd80709",
            "content_sha256": "e3b0c44298fc1c149afbf4c8996fb92427ae41e4649b934ca495991b7852b855",
            "content_sha512": "cf83e1357eefb8bdf1542850d66d8007d620e4050b5715dc83f4a921d36ce9ce47d0d13c5d85f2b0ff8318d2877eec2f63b931bd47417a81a538327af927da3e",
            "directory_permission": "0777",
            "file_permission": "0444",
            "filename": "root@157.230.47.216",
            "id": "da39a3ee5e6b4b0d3255bfef95601890afd80709",
            "sensitive_content": null,
            "source": null
          },
          "sensitive_attributes": [
            [
              {
                "type": "get_attr",
                "value": "sensitive_content"
              }
            ]
          ],
          "dependencies": [
            "data.digitalocean_ssh_key.www-1",
            "digitalocean_droplet.codeserver"
          ]
        }
      ]
    }
  ],
  "check_results": null
}
